
Microsoft Visual Studio Solution File, Format Version 12.00
# Visual Studio Version 17
VisualStudioVersion = 17.8.34511.84
MinimumVisualStudioVersion = 10.0.40219.1
Project("{FAE04EC0-301F-11D3-BF4B-00C04F79EFBC}") = "Esercizio_Cookie", "Esercizio_Cookie\Esercizio_Cookie.csproj", "{5B96611B-6D18-464B-A573-426D80B8569F}"
EndProject
Global
	GlobalSection(SolutionConfigurationPlatforms) = preSolution
		Debug|Any CPU = Debug|Any CPU
		Release|Any CPU = Release|Any CPU
	EndGlobalSection
	GlobalSection(ProjectConfigurationPlatforms) = postSolution
		{5B96611B-6D18-464B-A573-426D80B8569F}.Debug|Any CPU.ActiveCfg = Debug|Any CPU
		{5B96611B-6D18-464B-A573-426D80B8569F}.Debug|Any CPU.Build.0 = Debug|Any CPU
		{5B96611B-6D18-464B-A573-426D80B8569F}.Release|Any CPU.ActiveCfg = Release|Any CPU
		{5B96611B-6D18-464B-A573-426D80B8569F}.Release|Any CPU.Build.0 = Release|Any CPU
	EndGlobalSection
	GlobalSection(SolutionProperties) = preSolution
		HideSolutionNode = FALSE
	EndGlobalSection
	GlobalSection(ExtensibilityGlobals) = postSolution
		SolutionGuid = {1FCA62DD-F068-4951-850B-FC95B7C81A81}
	EndGlobalSection
EndGlobal
